
Microsoft Visual Studio Solution File, Format Version 12.00
# Visual Studio Version 17
VisualStudioVersion = 17.14.36518.9 d17.14
MinimumVisualStudioVersion = 10.0.40219.1
Project("{FAE04EC0-301F-11D3-BF4B-00C04F79EFBC}") = "BlogApi", "BlogApi\BlogApi.csproj", "{64E80C22-CB7A-4C49-B7F7-BCCDF00B848F}"
EndProject
Global
	GlobalSection(SolutionConfigurationPlatforms) = preSolution
		Debug|Any CPU = Debug|Any CPU
		Release|Any CPU = Release|Any CPU
	EndGlobalSection
	GlobalSection(ProjectConfigurationPlatforms) = postSolution
		{64E80C22-CB7A-4C49-B7F7-BCCDF00B848F}.Debug|Any CPU.ActiveCfg = Debug|Any CPU
		{64E80C22-CB7A-4C49-B7F7-BCCDF00B848F}.Debug|Any CPU.Build.0 = Debug|Any CPU
		{64E80C22-CB7A-4C49-B7F7-BCCDF00B848F}.Release|Any CPU.ActiveCfg = Release|Any CPU
		{64E80C22-CB7A-4C49-B7F7-BCCDF00B848F}.Release|Any CPU.Build.0 = Release|Any CPU
	EndGlobalSection
	GlobalSection(SolutionProperties) = preSolution
		HideSolutionNode = FALSE
	EndGlobalSection
	GlobalSection(ExtensibilityGlobals) = postSolution
		SolutionGuid = {21D3636B-D8BD-4694-BCC8-FD4B08232A9A}
	EndGlobalSection
EndGlobal
